
Microsoft Visual Studio Solution File, Format Version 12.00
# Visual Studio Version 17
VisualStudioVersion = 17.2.32616.157
MinimumVisualStudioVersion = 10.0.40219.1
Project("{FAE04EC0-301F-11D3-BF4B-00C04F79EFBC}") = "DietApp", "Diet App\DietApp.csproj", "{BE99706E-05A3-4EA1-8608-44CB2DD9B4FB}"
EndProject
Project("{FAE04EC0-301F-11D3-BF4B-00C04F79EFBC}") = "DietAppTests", "DietAppTests\DietAppTests.csproj", "{277D3C29-4595-4F14-85C1-A387321B997F}"
EndProject
Global
	GlobalSection(SolutionConfigurationPlatforms) = preSolution
		Debug|Any CPU = Debug|Any CPU
		Release|Any CPU = Release|Any CPU
	EndGlobalSection
	GlobalSection(ProjectConfigurationPlatforms) = postSolution
		{BE99706E-05A3-4EA1-8608-44CB2DD9B4FB}.Debug|Any CPU.ActiveCfg = Debug|Any CPU
		{BE99706E-05A3-4EA1-8608-44CB2DD9B4FB}.Debug|Any CPU.Build.0 = Debug|Any CPU
		{BE99706E-05A3-4EA1-8608-44CB2DD9B4FB}.Release|Any CPU.ActiveCfg = Release|Any CPU
		{BE99706E-05A3-4EA1-8608-44CB2DD9B4FB}.Release|Any CPU.Build.0 = Release|Any CPU
		{277D3C29-4595-4F14-85C1-A387321B997F}.Debug|Any CPU.ActiveCfg = Debug|Any CPU
		{277D3C29-4595-4F14-85C1-A387321B997F}.Debug|Any CPU.Build.0 = Debug|Any CPU
		{277D3C29-4595-4F14-85C1-A387321B997F}.Release|Any CPU.ActiveCfg = Release|Any CPU
		{277D3C29-4595-4F14-85C1-A387321B997F}.Release|Any CPU.Build.0 = Release|Any CPU
	EndGlobalSection
	GlobalSection(SolutionProperties) = preSolution
		HideSolutionNode = FALSE
	EndGlobalSection
	GlobalSection(ExtensibilityGlobals) = postSolution
		SolutionGuid = {4E547EB0-2952-4E83-BA3D-8CDDCDEDE012}
	EndGlobalSection
EndGlobal
